version = 1
revision = 3
requires-python = ">=3.10"

[[package]]
name = "mathunicode"
version = "0.1.0"
source = { editable = "." }
dependencies = [
    { name = "pylatexenc" },
]

[package.metadata]
requires-dist = [{ name = "pylatexenc", specifier = ">=2.10" }]

[[package]]
name = "pylatexenc"
version = "2.10"
source = { registry = "https://pypi.org/simple" }
sdist = { url = "https://files.pythonhosted.org/packages/5d/ab/34ec41718af73c00119d0351b7a2531d2ebddb51833a36448fc7b862be60/pylatexenc-2.10.tar.gz", hash = "sha256:3dd8fd84eb46dc30bee1e23eaab8d8fb5a7f507347b23e5f38ad9675c84f40d3", size = 162597, upload-time = "2021-04-06T07:56:07.854Z" }
